{
  "version": 4,
  "terraform_version": "1.15.4",
  "serial": 3,
  "lineage": "32482619-9e77-a76a-1149-040b2bce6dc9",
  "outputs": {
    "droplet_ip": {
      "value": "68.183.109.131",
      "type": "string"
    },
    "next_step": {
      "value": "Add an A record in Route 53 or Cloudflare pointing your subdomain to 68.183.109.131",
      "type": "string"
    },
    "ssh_command": {
      "value": "ssh root@68.183.109.131",
      "type": "string"
    }
  },
  "resources": [
    {
      "mode": "managed",
      "type": "digitalocean_droplet",
      "name": "strapi",
      "provider": "provider[\"registry.terraform.io/digitalocean/digitalocean\"]",
      "instances": [
        {
          "schema_version": 1,
          "attributes": {
            "backup_policy": [],
            "backups": false,
            "created_at": "2026-05-25T14:55:44Z",
            "disk": 50,
            "droplet_agent": null,
            "graceful_shutdown": false,
            "id": "573117887",
            "image": "ubuntu-22-04-x64",
            "ipv4_address": "68.183.109.131",
            "ipv4_address_private": "10.116.0.2",
            "ipv6": false,
            "ipv6_address": "",
            "locked": false,
            "memory": 2048,
            "monitoring": false,
            "name": "terraform-vigotskyreynosa-strapi-staging",
            "price_hourly": 0.01786,
            "price_monthly": 12,
            "private_networking": true,
            "public_networking": true,
            "region": "nyc1",
            "resize_disk": true,
            "size": "s-1vcpu-2gb",
            "ssh_keys": [
              "6a:0a:a6:0a:6e:0b:db:99:55:c8:01:25:96:3f:5f:a1"
            ],
            "status": "active",
            "tags": [
              "staging",
              "strapi",
              "terraform-vigotskyreynosa"
            ],
            "timeouts": null,
            "urn": "do:droplet:573117887",
            "user_data": "6a355339fb8e5a6ca47893c6534cdbbd1b49b7e5",
            "vcpus": 1,
            "volume_ids": [],
            "vpc_uuid": "342dd16c-8931-42a1-adbc-3a8edd08de48"
          },
          "sensitive_attributes": [],
          "identity_schema_version": 0,
          "private": "eyJlMmJmYjczMC1lY2FhLTExZTYtOGY4OC0zNDM2M2JjN2M0YzAiOnsiY3JlYXRlIjozNjAwMDAwMDAwMDAwLCJkZWxldGUiOjYwMDAwMDAwMDAwLCJ1cGRhdGUiOjM2MDAwMDAwMDAwMDB9LCJzY2hlbWFfdmVyc2lvbiI6IjEifQ=="
        }
      ]
    },
    {
      "mode": "managed",
      "type": "digitalocean_firewall",
      "name": "strapi",
      "provider": "provider[\"registry.terraform.io/digitalocean/digitalocean\"]",
      "instances": [
        {
          "schema_version": 0,
          "attributes": {
            "created_at": "2026-05-25T14:56:08Z",
            "droplet_ids": [
              573117887
            ],
            "id": "d647f90d-367f-4a78-b429-cf1840419282",
            "inbound_rule": [
              {
                "port_range": "22",
                "protocol": "tcp",
                "source_addresses": [
                  "0.0.0.0/0",
                  "::/0"
                ],
                "source_droplet_ids": [],
                "source_kubernetes_ids": [],
                "source_load_balancer_uids": [],
                "source_tags": []
              },
              {
                "port_range": "443",
                "protocol": "tcp",
                "source_addresses": [
                  "0.0.0.0/0",
                  "::/0"
                ],
                "source_droplet_ids": [],
                "source_kubernetes_ids": [],
                "source_load_balancer_uids": [],
                "source_tags": []
              },
              {
                "port_range": "80",
                "protocol": "tcp",
                "source_addresses": [
                  "0.0.0.0/0",
                  "::/0"
                ],
                "source_droplet_ids": [],
                "source_kubernetes_ids": [],
                "source_load_balancer_uids": [],
                "source_tags": []
              }
            ],
            "name": "terraform-vigotskyreynosa-strapi-staging-fw",
            "outbound_rule": [
              {
                "destination_addresses": [
                  "0.0.0.0/0",
                  "::/0"
                ],
                "destination_droplet_ids": [],
                "destination_kubernetes_ids": [],
                "destination_load_balancer_uids": [],
                "destination_tags": [],
                "port_range": "all",
                "protocol": "tcp"
              },
              {
                "destination_addresses": [
                  "0.0.0.0/0",
                  "::/0"
                ],
                "destination_droplet_ids": [],
                "destination_kubernetes_ids": [],
                "destination_load_balancer_uids": [],
                "destination_tags": [],
                "port_range": "all",
                "protocol": "udp"
              }
            ],
            "pending_changes": [
              {
                "droplet_id": 573117887,
                "removing": false,
                "status": "waiting"
              }
            ],
            "status": "waiting",
            "tags": null
          },
          "sensitive_attributes": [],
          "identity_schema_version": 0,
          "private": "bnVsbA==",
          "dependencies": [
            "digitalocean_droplet.strapi"
          ]
        }
      ]
    }
  ],
  "check_results": [
    {
      "object_kind": "var",
      "config_addr": "var.environment",
      "status": "pass",
      "objects": [
        {
          "object_addr": "var.environment",
          "status": "pass"
        }
      ]
    }
  ]
}
